
Microsoft Visual Studio Solution File, Format Version 12.00
# Visual Studio Version 17
VisualStudioVersion = 17.7.34031.279
MinimumVisualStudioVersion = 10.0.40219.1
Project("{FAE04EC0-301F-11D3-BF4B-00C04F79EFBC}") = "TI", "TI\TI.csproj", "{C003C1BF-9FC5-4590-B9D5-C4DDE7D86EF9}"
EndProject
Global
	GlobalSection(SolutionConfigurationPlatforms) = preSolution
		Debug|Any CPU = Debug|Any CPU
		Release|Any CPU = Release|Any CPU
	EndGlobalSection
	GlobalSection(ProjectConfigurationPlatforms) = postSolution
		{C003C1BF-9FC5-4590-B9D5-C4DDE7D86EF9}.Debug|Any CPU.ActiveCfg = Debug|Any CPU
		{C003C1BF-9FC5-4590-B9D5-C4DDE7D86EF9}.Debug|Any CPU.Build.0 = Debug|Any CPU
		{C003C1BF-9FC5-4590-B9D5-C4DDE7D86EF9}.Release|Any CPU.ActiveCfg = Release|Any CPU
		{C003C1BF-9FC5-4590-B9D5-C4DDE7D86EF9}.Release|Any CPU.Build.0 = Release|Any CPU
	EndGlobalSection
	GlobalSection(SolutionProperties) = preSolution
		HideSolutionNode = FALSE
	EndGlobalSection
	GlobalSection(ExtensibilityGlobals) = postSolution
		SolutionGuid = {14BE193B-03E9-45CD-B288-AA8408D9CF59}
	EndGlobalSection
EndGlobal
